
Microsoft Visual Studio Solution File, Format Version 12.00
# Visual Studio 15
VisualStudioVersion = 15.0.28010.2003
MinimumVisualStudioVersion = 10.0.40219.1
Project("{FAE04EC0-301F-11D3-BF4B-00C04F79EFBC}") = "client", "client_server\client.csproj", "{FB3F02B3-6566-49D9-8DFC-B1ED4837D0A9}"
EndProject
Project("{FAE04EC0-301F-11D3-BF4B-00C04F79EFBC}") = "myserver", "myserver\myserver.csproj", "{32909A26-17A5-4AB2-940E-35141DD8FD59}"
EndProject
Global
	GlobalSection(SolutionConfigurationPlatforms) = preSolution
		Debug|Any CPU = Debug|Any CPU
		Release|Any CPU = Release|Any CPU
	EndGlobalSection
	GlobalSection(ProjectConfigurationPlatforms) = postSolution
		{FB3F02B3-6566-49D9-8DFC-B1ED4837D0A9}.Debug|Any CPU.ActiveCfg = Debug|Any CPU
		{FB3F02B3-6566-49D9-8DFC-B1ED4837D0A9}.Debug|Any CPU.Build.0 = Debug|Any CPU
		{FB3F02B3-6566-49D9-8DFC-B1ED4837D0A9}.Release|Any CPU.ActiveCfg = Release|Any CPU
		{FB3F02B3-6566-49D9-8DFC-B1ED4837D0A9}.Release|Any CPU.Build.0 = Release|Any CPU
		{32909A26-17A5-4AB2-940E-35141DD8FD59}.Debug|Any CPU.ActiveCfg = Debug|Any CPU
		{32909A26-17A5-4AB2-940E-35141DD8FD59}.Debug|Any CPU.Build.0 = Debug|Any CPU
		{32909A26-17A5-4AB2-940E-35141DD8FD59}.Release|Any CPU.ActiveCfg = Release|Any CPU
		{32909A26-17A5-4AB2-940E-35141DD8FD59}.Release|Any CPU.Build.0 = Release|Any CPU
	EndGlobalSection
	GlobalSection(SolutionProperties) = preSolution
		HideSolutionNode = FALSE
	EndGlobalSection
	GlobalSection(ExtensibilityGlobals) = postSolution
		SolutionGuid = {262EA4D1-AEE5-43EA-9CC3-2414D2171DE4}
	EndGlobalSection
EndGlobal
